
Microsoft Visual Studio Solution File, Format Version 12.00
# Visual Studio Version 16
VisualStudioVersion = 16.0.31205.134
MinimumVisualStudioVersion = 10.0.40219.1
Project("{F184B08F-C81C-45F6-A57F-5ABD9991F28F}") = "agecalculator", "agecalculator.vbproj", "{30DDCBB8-1B9C-4175-B3C1-109E1693EA39}"
EndProject
Global
	GlobalSection(SolutionConfigurationPlatforms) = preSolution
		Debug|Any CPU = Debug|Any CPU
		Release|Any CPU = Release|Any CPU
	EndGlobalSection
	GlobalSection(ProjectConfigurationPlatforms) = postSolution
		{30DDCBB8-1B9C-4175-B3C1-109E1693EA39}.Debug|Any CPU.ActiveCfg = Debug|Any CPU
		{30DDCBB8-1B9C-4175-B3C1-109E1693EA39}.Debug|Any CPU.Build.0 = Debug|Any CPU
		{30DDCBB8-1B9C-4175-B3C1-109E1693EA39}.Release|Any CPU.ActiveCfg = Release|Any CPU
		{30DDCBB8-1B9C-4175-B3C1-109E1693EA39}.Release|Any CPU.Build.0 = Release|Any CPU
	EndGlobalSection
	GlobalSection(SolutionProperties) = preSolution
		HideSolutionNode = FALSE
	EndGlobalSection
	GlobalSection(ExtensibilityGlobals) = postSolution
		SolutionGuid = {612A42B2-77F6-4DE5-9F26-D451E00E3ACA}
	EndGlobalSection
EndGlobal
